
Microsoft Visual Studio Solution File, Format Version 12.00
# Visual Studio Version 16
VisualStudioVersion = 16.0.30320.27
MinimumVisualStudioVersion = 10.0.40219.1
Project("{9A19103F-16F7-4668-BE54-9A1E7A4F7556}") = "WebApplication1", "WebApplication1\WebApplication1.csproj", "{BCFA8C49-FCBA-4AA1-A07A-EA6C2BE29A57}"
EndProject
Project("{2150E333-8FDC-42A3-9474-1A3956D46DE8}") = "Solution Items", "Solution Items", "{37B8422D-1A2E-4A7C-8E04-02E06F84A246}"
	ProjectSection(SolutionItems) = preProject
		ReadMe.md = ReadMe.md
	EndProjectSection
EndProject
Project("{FAE04EC0-301F-11D3-BF4B-00C04F79EFBC}") = "WpfApp1", "WpfApp1\WpfApp1.csproj", "{CE74EBD1-1DE5-44FD-B919-1A151B4ED843}"
EndProject
Project("{9A19103F-16F7-4668-BE54-9A1E7A4F7556}") = "UnitTestProject1", "UnitTestProject1\UnitTestProject1.csproj", "{C774894A-6B7C-409C-94C0-C6263615D8BA}"
EndProject
Project("{FAE04EC0-301F-11D3-BF4B-00C04F79EFBC}") = "ClassLibrary1", "ClassLibrary1\ClassLibrary1.csproj", "{8FA01889-FC29-4BA6-A9E1-A3FCA63AE0A0}"
EndProject
Global
	GlobalSection(SolutionConfigurationPlatforms) = preSolution
		Debug|Any CPU = Debug|Any CPU
		Release|Any CPU = Release|Any CPU
	EndGlobalSection
	GlobalSection(ProjectConfigurationPlatforms) = postSolution
		{BCFA8C49-FCBA-4AA1-A07A-EA6C2BE29A57}.Debug|Any CPU.ActiveCfg = Debug|Any CPU
		{BCFA8C49-FCBA-4AA1-A07A-EA6C2BE29A57}.Debug|Any CPU.Build.0 = Debug|Any CPU
		{BCFA8C49-FCBA-4AA1-A07A-EA6C2BE29A57}.Release|Any CPU.ActiveCfg = Release|Any CPU
		{BCFA8C49-FCBA-4AA1-A07A-EA6C2BE29A57}.Release|Any CPU.Build.0 = Release|Any CPU
		{CE74EBD1-1DE5-44FD-B919-1A151B4ED843}.Debug|Any CPU.ActiveCfg = Debug|Any CPU
		{CE74EBD1-1DE5-44FD-B919-1A151B4ED843}.Debug|Any CPU.Build.0 = Debug|Any CPU
		{CE74EBD1-1DE5-44FD-B919-1A151B4ED843}.Release|Any CPU.ActiveCfg = Release|Any CPU
		{CE74EBD1-1DE5-44FD-B919-1A151B4ED843}.Release|Any CPU.Build.0 = Release|Any CPU
		{C774894A-6B7C-409C-94C0-C6263615D8BA}.Debug|Any CPU.ActiveCfg = Debug|Any CPU
		{C774894A-6B7C-409C-94C0-C6263615D8BA}.Debug|Any CPU.Build.0 = Debug|Any CPU
		{C774894A-6B7C-409C-94C0-C6263615D8BA}.Release|Any CPU.ActiveCfg = Release|Any CPU
		{C774894A-6B7C-409C-94C0-C6263615D8BA}.Release|Any CPU.Build.0 = Release|Any CPU
		{8FA01889-FC29-4BA6-A9E1-A3FCA63AE0A0}.Debug|Any CPU.ActiveCfg = Debug|Any CPU
		{8FA01889-FC29-4BA6-A9E1-A3FCA63AE0A0}.Debug|Any CPU.Build.0 = Debug|Any CPU
		{8FA01889-FC29-4BA6-A9E1-A3FCA63AE0A0}.Release|Any CPU.ActiveCfg = Release|Any CPU
		{8FA01889-FC29-4BA6-A9E1-A3FCA63AE0A0}.Release|Any CPU.Build.0 = Release|Any CPU
	EndGlobalSection
	GlobalSection(SolutionProperties) = preSolution
		HideSolutionNode = FALSE
	EndGlobalSection
	GlobalSection(ExtensibilityGlobals) = postSolution
		SolutionGuid = {1F8C9846-1085-4D12-8A40-118C35F4CAE0}
	EndGlobalSection
EndGlobal
